
Microsoft Visual Studio Solution File, Format Version 12.00
# Visual Studio Version 17
VisualStudioVersion = 17.14.36301.6 d17.14
MinimumVisualStudioVersion = 10.0.40219.1
Project("{FAE04EC0-301F-11D3-BF4B-00C04F79EFBC}") = "DirectoryNavigation", "DirectoryNavigation\DirectoryNavigation.csproj", "{8A194376-F5ED-40CF-B18C-2FB13153F59E}"
EndProject
Project("{FAE04EC0-301F-11D3-BF4B-00C04F79EFBC}") = "DirectoryNavigation.Test", "DirectioryNavigation.Test\DirectoryNavigation.Test.csproj", "{2973B484-ED9C-4812-B175-7AD7D552E538}"
EndProject
Global
	GlobalSection(SolutionConfigurationPlatforms) = preSolution
		Debug|Any CPU = Debug|Any CPU
		Release|Any CPU = Release|Any CPU
	EndGlobalSection
	GlobalSection(ProjectConfigurationPlatforms) = postSolution
		{8A194376-F5ED-40CF-B18C-2FB13153F59E}.Debug|Any CPU.ActiveCfg = Debug|Any CPU
		{8A194376-F5ED-40CF-B18C-2FB13153F59E}.Debug|Any CPU.Build.0 = Debug|Any CPU
		{8A194376-F5ED-40CF-B18C-2FB13153F59E}.Release|Any CPU.ActiveCfg = Release|Any CPU
		{8A194376-F5ED-40CF-B18C-2FB13153F59E}.Release|Any CPU.Build.0 = Release|Any CPU
		{2973B484-ED9C-4812-B175-7AD7D552E538}.Debug|Any CPU.ActiveCfg = Debug|Any CPU
		{2973B484-ED9C-4812-B175-7AD7D552E538}.Debug|Any CPU.Build.0 = Debug|Any CPU
		{2973B484-ED9C-4812-B175-7AD7D552E538}.Release|Any CPU.ActiveCfg = Release|Any CPU
		{2973B484-ED9C-4812-B175-7AD7D552E538}.Release|Any CPU.Build.0 = Release|Any CPU
	EndGlobalSection
	GlobalSection(SolutionProperties) = preSolution
		HideSolutionNode = FALSE
	EndGlobalSection
	GlobalSection(ExtensibilityGlobals) = postSolution
		SolutionGuid = {FFBAE360-7A07-40BE-A327-547913EB03FD}
	EndGlobalSection
EndGlobal
